{
  "name": "whatsapp-shopee-bot",
  "version": "1.0.0",
  "lockfileVersion": 3,
  "requires": true,
  "packages": {
    "": {
      "name": "whatsapp-shopee-bot",
      "version": "1.0.0",
      "license": "MIT",
      "dependencies": {
        "@whiskeysockets/baileys": "^6.7.4",
        "axios": "^1.6.0",
        "dotenv": "^16.3.1",
        "express": "^4.18.2",
        "mongodb": "^6.5.0",
        "pino": "^8.17.0",
        "qrcode": "^1.5.3",
        "socket.io": "^4.7.2"
      }
    }
  }
}
